{
  "name": "monorepo-github-actions-sandbox",
  "lockfileVersion": 2,
  "requires": true,
  "packages": {
    "": {
      "workspaces": [
        "packages/a",
        "packages/b",
        "packages/common"
      ]
    },
    "node_modules/a": {
      "resolved": "packages/a",
      "link": true
    },
    "node_modules/b": {
      "resolved": "packages/b",
      "link": true
    },
    "node_modules/common": {
      "resolved": "packages/common",
      "link": true
    },
    "node_modules/uuid": {
      "version": "9.0.0",
      "resolved": "https://registry.npmjs.org/uuid/-/uuid-9.0.0.tgz",
      "integrity": "sha512-MXcSTerfPa4uqyzStbRoTgt5XIe3x5+42+q1sDuy3R5MDk66URdLMOZe5aPX/SQd+kuYAh0FdP/pO28IkQyTeg==",
      "bin": {
        "uuid": "dist/bin/uuid"
      }
    },
    "packages/a": {
      "version": "1.0.0",
      "license": "ISC"
    },
    "packages/b": {
      "version": "1.0.0",
      "license": "ISC"
    },
    "packages/common": {
      "version": "1.0.0",
      "license": "ISC",
      "dependencies": {
        "uuid": "^9.0.0"
      }
    }
  },
  "dependencies": {
    "a": {
      "version": "file:packages/a"
    },
    "b": {
      "version": "file:packages/b"
    },
    "common": {
      "version": "file:packages/common",
      "requires": {
        "uuid": "*"
      }
    },
    "uuid": {
      "version": "9.0.0",
      "resolved": "https://registry.npmjs.org/uuid/-/uuid-9.0.0.tgz",
      "integrity": "sha512-MXcSTerfPa4uqyzStbRoTgt5XIe3x5+42+q1sDuy3R5MDk66URdLMOZe5aPX/SQd+kuYAh0FdP/pO28IkQyTeg=="
    }
  }
}
